// !$*UTF8*$!
{
	archiveVersion = 1;
	classes = {
	};
	objectVersion = 46;
	objects = {

/* Begin PBXBuildFile section */
		5F25A08C194B6FA000728B7C /* Foundation.framework in Frameworks */ = {isa = PBXBuildFile; fileRef = 5F25A08B194B6FA000728B7C /* Foundation.framework */; };
		5F25A08E194B6FA000728B7C /* CoreGraphics.framework in Frameworks */ = {isa = PBXBuildFile; fileRef = 5F25A08D194B6FA000728B7C /* CoreGraphics.framework */; };
		5F25A090194B6FA000728B7C /* UIKit.framework in Frameworks */ = {isa = PBXBuildFile; fileRef = 5F25A08F194B6FA000728B7C /* UIKit.framework */; };
		5F25A096194B6FA000728B7C /* InfoPlist.strings in Resources */ = {isa = PBXBuildFile; fileRef = 5F25A094194B6FA000728B7C /* InfoPlist.strings */; };
		5F25A098194B6FA000728B7C /* main.m in Sources */ = {isa = PBXBuildFile; fileRef = 5F25A097194B6FA000728B7C /* main.m */; };
		5F25A09C194B6FA000728B7C /* BFMAppDelegate.m in Sources */ = {isa = PBXBuildFile; fileRef = 5F25A09B194B6FA000728B7C /* BFMAppDelegate.m */; };
		5F25A09F194B6FA000728B7C /* Main_iPhone.storyboard in Resources */ = {isa = PBXBuildFile; fileRef = 5F25A09D194B6FA000728B7C /* Main_iPhone.storyboard */; };
		5F25A0A2194B6FA000728B7C /* Main_iPad.storyboard in Resources */ = {isa = PBXBuildFile; fileRef = 5F25A0A0194B6FA000728B7C /* Main_iPad.storyboard */; };
		5F25A0A5194B6FA000728B7C /* BFMViewController.m in Sources */ = {isa = PBXBuildFile; fileRef = 5F25A0A4194B6FA000728B7C /* BFMViewController.m */; };
		5F25A0A7194B6FA000728B7C /* Images.xcassets in Resources */ = {isa = PBXBuildFile; fileRef = 5F25A0A6194B6FA000728B7C /* Images.xcassets */; };
		5F25A0AE194B6FA000728B7C /* XCTest.framework in Frameworks */ = {isa = PBXBuildFile; fileRef = 5F25A0AD194B6FA000728B7C /* XCTest.framework */; };
		5F25A0AF194B6FA000728B7C /* Foundation.framework in Frameworks */ = {isa = PBXBuildFile; fileRef = 5F25A08B194B6FA000728B7C /* Foundation.framework */; };
		5F25A0B0194B6FA000728B7C /* UIKit.framework in Frameworks */ = {isa = PBXBuildFile; fileRef = 5F25A08F194B6FA000728B7C /* UIKit.framework */; };
		5F25A0B8194B6FA000728B7C /* InfoPlist.strings in Resources */ = {isa = PBXBuildFile; fileRef = 5F25A0B6194B6FA000728B7C /* InfoPlist.strings */; };
		5F25A0BA194B6FA000728B7C /* BFVideoExampleTests.m in Sources */ = {isa = PBXBuildFile; fileRef = 5F25A0B9194B6FA000728B7C /* BFVideoExampleTests.m */; };
		5F25A150194B94AE00728B7C /* MobileCoreServices.framework in Frameworks */ = {isa = PBXBuildFile; fileRef = 5F25A14E194B94AE00728B7C /* MobileCoreServices.framework */; };
		5F25A151194B94AE00728B7C /* SystemConfiguration.framework in Frameworks */ = {isa = PBXBuildFile; fileRef = 5F25A14F194B94AE00728B7C /* SystemConfiguration.framework */; };
		5F71306D195934430024088E /* BFVideoSDK.framework in Frameworks */ = {isa = PBXBuildFile; fileRef = 5F71306C195934430024088E /* BFVideoSDK.framework */; };
		5FBF9B2919548B990071C5C9 /* CoreTelephony.framework in Frameworks */ = {isa = PBXBuildFile; fileRef = 5FBF9B2819548B990071C5C9 /* CoreTelephony.framework */; };
		5FBF9B331954921D0071C5C9 /* AdSupport.framework in Frameworks */ = {isa = PBXBuildFile; fileRef = 5FBF9B321954921D0071C5C9 /* AdSupport.framework */; };
		5FC53E72194FE981000DAC7A /* BFMVideosViewController.m in Sources */ = {isa = PBXBuildFile; fileRef = 5FC53E71194FE981000DAC7A /* BFMVideosViewController.m */; };
		5FC53E74194FF431000DAC7A /* placeholder.png in Resources */ = {isa = PBXBuildFile; fileRef = 5FC53E73194FF431000DAC7A /* placeholder.png */; };
		5FC53E77194FF636000DAC7A /* BFMVideoDetailController.m in Sources */ = {isa = PBXBuildFile; fileRef = 5FC53E76194FF636000DAC7A /* BFMVideoDetailController.m */; };
		5FC53E79194FF9DF000DAC7A /* VideoCell.xib in Resources */ = {isa = PBXBuildFile; fileRef = 5FC53E78194FF9DF000DAC7A /* VideoCell.xib */; };
		5FC53E7C194FFB8D000DAC7A /* BFMVideoCell.m in Sources */ = {isa = PBXBuildFile; fileRef = 5FC53E7B194FFB8D000DAC7A /* BFMVideoCell.m */; };
/* End PBXBuildFile section */

/* Begin PBXContainerItemProxy section */
		5F25A0B1194B6FA000728B7C /* PBXContainerItemProxy */ = {
			isa = PBXContainerItemProxy;
			containerPortal = 5F25A080194B6FA000728B7C /* Project object */;
			proxyType = 1;
			remoteGlobalIDString = 5F25A087194B6FA000728B7C;
			remoteInfo = BFVideoExample;
		};
/* End PBXContainerItemProxy section */

/* Begin PBXFileReference section */
		5F25A088194B6FA000728B7C /* BFVideoExample.app */ = {isa = PBXFileReference; explicitFileType = wrapper.application; includeInIndex = 0; path = BFVideoExample.app; sourceTree = BUILT_PRODUCTS_DIR; };
		5F25A08B194B6FA000728B7C /* Foundation.framework */ = {isa = PBXFileReference; lastKnownFileType = wrapper.framework; name = Foundation.framework; path = System/Library/Frameworks/Foundation.framework; sourceTree = SDKROOT; };
		5F25A08D194B6FA000728B7C /* CoreGraphics.framework */ = {isa = PBXFileReference; lastKnownFileType = wrapper.framework; name = CoreGraphics.framework; path = System/Library/Frameworks/CoreGraphics.framework; sourceTree = SDKROOT; };
		5F25A08F194B6FA000728B7C /* UIKit.framework */ = {isa = PBXFileReference; lastKnownFileType = wrapper.framework; name = UIKit.framework; path = System/Library/Frameworks/UIKit.framework; sourceTree = SDKROOT; };
		5F25A093194B6FA000728B7C /* BFVideoExample-Info.plist */ = {isa = PBXFileReference; lastKnownFileType = text.plist.xml; path = "BFVideoExample-Info.plist"; sourceTree = "<group>"; };
		5F25A095194B6FA000728B7C /* en */ = {isa = PBXFileReference; lastKnownFileType = text.plist.strings; name = en; path = en.lproj/InfoPlist.strings; sourceTree = "<group>"; };
		5F25A097194B6FA000728B7C /* main.m */ = {isa = PBXFileReference; lastKnownFileType = sourcecode.c.objc; path = main.m; sourceTree = "<group>"; };
		5F25A099194B6FA000728B7C /* BFVideoExample-Prefix.pch */ = {isa = PBXFileReference; lastKnownFileType = sourcecode.c.h; path = "BFVideoExample-Prefix.pch"; sourceTree = "<group>"; };
		5F25A09A194B6FA000728B7C /* BFMAppDelegate.h */ = {isa = PBXFileReference; lastKnownFileType = sourcecode.c.h; path = BFMAppDelegate.h; sourceTree = "<group>"; };
		5F25A09B194B6FA000728B7C /* BFMAppDelegate.m */ = {isa = PBXFileReference; lastKnownFileType = sourcecode.c.objc; path = BFMAppDelegate.m; sourceTree = "<group>"; };
		5F25A09E194B6FA000728B7C /* Base */ = {isa = PBXFileReference; lastKnownFileType = file.storyboard; name = Base; path = Base.lproj/Main_iPhone.storyboard; sourceTree = "<group>"; };
		5F25A0A1194B6FA000728B7C /* Base */ = {isa = PBXFileReference; lastKnownFileType = file.storyboard; name = Base; path = Base.lproj/Main_iPad.storyboard; sourceTree = "<group>"; };
		5F25A0A3194B6FA000728B7C /* BFMViewController.h */ = {isa = PBXFileReference; lastKnownFileType = sourcecode.c.h; path = BFMViewController.h; sourceTree = "<group>"; };
		5F25A0A4194B6FA000728B7C /* BFMViewController.m */ = {isa = PBXFileReference; lastKnownFileType = sourcecode.c.objc; path = BFMViewController.m; sourceTree = "<group>"; };
		5F25A0A6194B6FA000728B7C /* Images.xcassets */ = {isa = PBXFileReference; lastKnownFileType = folder.assetcatalog; path = Images.xcassets; sourceTree = "<group>"; };
		5F25A0AC194B6FA000728B7C /* BFVideoExampleTests.xctest */ = {isa = PBXFileReference; explicitFileType = wrapper.cfbundle; includeInIndex = 0; path = BFVideoExampleTests.xctest; sourceTree = BUILT_PRODUCTS_DIR; };
		5F25A0AD194B6FA000728B7C /* XCTest.framework */ = {isa = PBXFileReference; lastKnownFileType = wrapper.framework; name = XCTest.framework; path = Library/Frameworks/XCTest.framework; sourceTree = DEVELOPER_DIR; };
		5F25A0B5194B6FA000728B7C /* BFVideoExampleTests-Info.plist */ = {isa = PBXFileReference; lastKnownFileType = text.plist.xml; path = "BFVideoExampleTests-Info.plist"; sourceTree = "<group>"; };
		5F25A0B7194B6FA000728B7C /* en */ = {isa = PBXFileReference; lastKnownFileType = text.plist.strings; name = en; path = en.lproj/InfoPlist.strings; sourceTree = "<group>"; };
		5F25A0B9194B6FA000728B7C /* BFVideoExampleTests.m */ = {isa = PBXFileReference; lastKnownFileType = sourcecode.c.objc; path = BFVideoExampleTests.m; sourceTree = "<group>"; };
		5F25A14E194B94AE00728B7C /* MobileCoreServices.framework */ = {isa = PBXFileReference; lastKnownFileType = wrapper.framework; name = MobileCoreServices.framework; path = System/Library/Frameworks/MobileCoreServices.framework; sourceTree = SDKROOT; };
		5F25A14F194B94AE00728B7C /* SystemConfiguration.framework */ = {isa = PBXFileReference; lastKnownFileType = wrapper.framework; name = SystemConfiguration.framework; path = System/Library/Frameworks/SystemConfiguration.framework; sourceTree = SDKROOT; };
		5F71306C195934430024088E /* BFVideoSDK.framework */ = {isa = PBXFileReference; lastKnownFileType = wrapper.framework; path = BFVideoSDK.framework; sourceTree = "<group>"; };
		5FB619A21958D34D00EB78BD /* BFVideoSDK.h */ = {isa = PBXFileReference; fileEncoding = 4; lastKnownFileType = sourcecode.c.h; path = BFVideoSDK.h; sourceTree = "<group>"; };
		5FBF9B2819548B990071C5C9 /* CoreTelephony.framework */ = {isa = PBXFileReference; lastKnownFileType = wrapper.framework; name = CoreTelephony.framework; path = System/Library/Frameworks/CoreTelephony.framework; sourceTree = SDKROOT; };
		5FBF9B321954921D0071C5C9 /* AdSupport.framework */ = {isa = PBXFileReference; lastKnownFileType = wrapper.framework; name = AdSupport.framework; path = System/Library/Frameworks/AdSupport.framework; sourceTree = SDKROOT; };
		5FC53E70194FE981000DAC7A /* BFMVideosViewController.h */ = {isa = PBXFileReference; fileEncoding = 4; lastKnownFileType = sourcecode.c.h; path = BFMVideosViewController.h; sourceTree = "<group>"; };
		5FC53E71194FE981000DAC7A /* BFMVideosViewController.m */ = {isa = PBXFileReference; fileEncoding = 4; lastKnownFileType = sourcecode.c.objc; path = BFMVideosViewController.m; sourceTree = "<group>"; };
		5FC53E73194FF431000DAC7A /* placeholder.png */ = {isa = PBXFileReference; lastKnownFileType = image.png; path = placeholder.png; sourceTree = "<group>"; };
		5FC53E75194FF636000DAC7A /* BFMVideoDetailController.h */ = {isa = PBXFileReference; fileEncoding = 4; lastKnownFileType = sourcecode.c.h; path = BFMVideoDetailController.h; sourceTree = "<group>"; };
		5FC53E76194FF636000DAC7A /* BFMVideoDetailController.m */ = {isa = PBXFileReference; fileEncoding = 4; lastKnownFileType = sourcecode.c.objc; path = BFMVideoDetailController.m; sourceTree = "<group>"; };
		5FC53E78194FF9DF000DAC7A /* VideoCell.xib */ = {isa = PBXFileReference; fileEncoding = 4; lastKnownFileType = file.xib; path = VideoCell.xib; sourceTree = "<group>"; };
		5FC53E7A194FFB8D000DAC7A /* BFMVideoCell.h */ = {isa = PBXFileReference; fileEncoding = 4; lastKnownFileType = sourcecode.c.h; path = BFMVideoCell.h; sourceTree = "<group>"; };
		5FC53E7B194FFB8D000DAC7A /* BFMVideoCell.m */ = {isa = PBXFileReference; fileEncoding = 4; lastKnownFileType = sourcecode.c.objc; path = BFMVideoCell.m; sourceTree = "<group>"; };
/* End PBXFileReference section */

/* Begin PBXFrameworksBuildPhase section */
		5F25A085194B6FA000728B7C /* Frameworks */ = {
			isa = PBXFrameworksBuildPhase;
			buildActionMask = 2147483647;
			files = (
				5FBF9B331954921D0071C5C9 /* AdSupport.framework in Frameworks */,
				5F71306D195934430024088E /* BFVideoSDK.framework in Frameworks */,
				5FBF9B2919548B990071C5C9 /* CoreTelephony.framework in Frameworks */,
				5F25A150194B94AE00728B7C /* MobileCoreServices.framework in Frameworks */,
				5F25A151194B94AE00728B7C /* SystemConfiguration.framework in Frameworks */,
				5F25A08E194B6FA000728B7C /* CoreGraphics.framework in Frameworks */,
				5F25A090194B6FA000728B7C /* UIKit.framework in Frameworks */,
				5F25A08C194B6FA000728B7C /* Foundation.framework in Frameworks */,
			);
			runOnlyForDeploymentPostprocessing = 0;
		};
		5F25A0A9194B6FA000728B7C /* Frameworks */ = {
			isa = PBXFrameworksBuildPhase;
			buildActionMask = 2147483647;
			files = (
				5F25A0AE194B6FA000728B7C /* XCTest.framework in Frameworks */,
				5F25A0B0194B6FA000728B7C /* UIKit.framework in Frameworks */,
				5F25A0AF194B6FA000728B7C /* Foundation.framework in Frameworks */,
			);
			runOnlyForDeploymentPostprocessing = 0;
		};
/* End PBXFrameworksBuildPhase section */

/* Begin PBXGroup section */
		5F25A07F194B6FA000728B7C = {
			isa = PBXGroup;
			children = (
				5FB619A21958D34D00EB78BD /* BFVideoSDK.h */,
				5F25A091194B6FA000728B7C /* BFVideoExample */,
				5F25A0B3194B6FA000728B7C /* BFVideoExampleTests */,
				5F25A08A194B6FA000728B7C /* Frameworks */,
				5F25A089194B6FA000728B7C /* Products */,
			);
			sourceTree = "<group>";
		};
		5F25A089194B6FA000728B7C /* Products */ = {
			isa = PBXGroup;
			children = (
				5F25A088194B6FA000728B7C /* BFVideoExample.app */,
				5F25A0AC194B6FA000728B7C /* BFVideoExampleTests.xctest */,
			);
			name = Products;
			sourceTree = "<group>";
		};
		5F25A08A194B6FA000728B7C /* Frameworks */ = {
			isa = PBXGroup;
			children = (
				5F71306C195934430024088E /* BFVideoSDK.framework */,
				5FBF9B321954921D0071C5C9 /* AdSupport.framework */,
				5FBF9B2819548B990071C5C9 /* CoreTelephony.framework */,
				5F25A14E194B94AE00728B7C /* MobileCoreServices.framework */,
				5F25A14F194B94AE00728B7C /* SystemConfiguration.framework */,
				5F25A08B194B6FA000728B7C /* Foundation.framework */,
				5F25A08D194B6FA000728B7C /* CoreGraphics.framework */,
				5F25A08F194B6FA000728B7C /* UIKit.framework */,
				5F25A0AD194B6FA000728B7C /* XCTest.framework */,
			);
			name = Frameworks;
			sourceTree = "<group>";
		};
		5F25A091194B6FA000728B7C /* BFVideoExample */ = {
			isa = PBXGroup;
			children = (
				5FC53E73194FF431000DAC7A /* placeholder.png */,
				5F25A09A194B6FA000728B7C /* BFMAppDelegate.h */,
				5F25A09B194B6FA000728B7C /* BFMAppDelegate.m */,
				5F25A09D194B6FA000728B7C /* Main_iPhone.storyboard */,
				5F25A0A0194B6FA000728B7C /* Main_iPad.storyboard */,
				5F25A0A3194B6FA000728B7C /* BFMViewController.h */,
				5F25A0A4194B6FA000728B7C /* BFMViewController.m */,
				5F25A0A6194B6FA000728B7C /* Images.xcassets */,
				5F25A092194B6FA000728B7C /* Supporting Files */,
				5FC53E70194FE981000DAC7A /* BFMVideosViewController.h */,
				5FC53E71194FE981000DAC7A /* BFMVideosViewController.m */,
				5FC53E75194FF636000DAC7A /* BFMVideoDetailController.h */,
				5FC53E76194FF636000DAC7A /* BFMVideoDetailController.m */,
				5FC53E78194FF9DF000DAC7A /* VideoCell.xib */,
				5FC53E7A194FFB8D000DAC7A /* BFMVideoCell.h */,
				5FC53E7B194FFB8D000DAC7A /* BFMVideoCell.m */,
			);
			path = BFVideoExample;
			sourceTree = "<group>";
		};
		5F25A092194B6FA000728B7C /* Supporting Files */ = {
			isa = PBXGroup;
			children = (
				5F25A093194B6FA000728B7C /* BFVideoExample-Info.plist */,
				5F25A094194B6FA000728B7C /* InfoPlist.strings */,
				5F25A097194B6FA000728B7C /* main.m */,
				5F25A099194B6FA000728B7C /* BFVideoExample-Prefix.pch */,
			);
			name = "Supporting Files";
			sourceTree = "<group>";
		};
		5F25A0B3194B6FA000728B7C /* BFVideoExampleTests */ = {
			isa = PBXGroup;
			children = (
				5F25A0B9194B6FA000728B7C /* BFVideoExampleTests.m */,
				5F25A0B4194B6FA000728B7C /* Supporting Files */,
			);
			path = BFVideoExampleTests;
			sourceTree = "<group>";
		};
		5F25A0B4194B6FA000728B7C /* Supporting Files */ = {
			isa = PBXGroup;
			children = (
				5F25A0B5194B6FA000728B7C /* BFVideoExampleTests-Info.plist */,
				5F25A0B6194B6FA000728B7C /* InfoPlist.strings */,
			);
			name = "Supporting Files";
			sourceTree = "<group>";
		};
/* End PBXGroup section */

/* Begin PBXNativeTarget section */
		5F25A087194B6FA000728B7C /* BFVideoExample */ = {
			isa = PBXNativeTarget;
			buildConfigurationList = 5F25A0BD194B6FA000728B7C /* Build configuration list for PBXNativeTarget "BFVideoExample" */;
			buildPhases = (
				5F25A084194B6FA000728B7C /* Sources */,
				5F25A085194B6FA000728B7C /* Frameworks */,
				5F25A086194B6FA000728B7C /* Resources */,
			);
			buildRules = (
			);
			dependencies = (
			);
			name = BFVideoExample;
			productName = BFVideoExample;
			productReference = 5F25A088194B6FA000728B7C /* BFVideoExample.app */;
			productType = "com.apple.product-type.application";
		};
		5F25A0AB194B6FA000728B7C /* BFVideoExampleTests */ = {
			isa = PBXNativeTarget;
			buildConfigurationList = 5F25A0C0194B6FA000728B7C /* Build configuration list for PBXNativeTarget "BFVideoExampleTests" */;
			buildPhases = (
				5F25A0A8194B6FA000728B7C /* Sources */,
				5F25A0A9194B6FA000728B7C /* Frameworks */,
				5F25A0AA194B6FA000728B7C /* Resources */,
			);
			buildRules = (
			);
			dependencies = (
				5F25A0B2194B6FA000728B7C /* PBXTargetDependency */,
			);
			name = BFVideoExampleTests;
			productName = BFVideoExampleTests;
			productReference = 5F25A0AC194B6FA000728B7C /* BFVideoExampleTests.xctest */;
			productType = "com.apple.product-type.bundle.unit-test";
		};
/* End PBXNativeTarget section */

/* Begin PBXProject section */
		5F25A080194B6FA000728B7C /* Project object */ = {
			isa = PBXProject;
			attributes = {
				CLASSPREFIX = BFM;
				LastUpgradeCheck = 0510;
				ORGANIZATIONNAME = "Beachfront Media, LLC.";
				TargetAttributes = {
					5F25A0AB194B6FA000728B7C = {
						TestTargetID = 5F25A087194B6FA000728B7C;
					};
				};
			};
			buildConfigurationList = 5F25A083194B6FA000728B7C /* Build configuration list for PBXProject "BFVideoExample" */;
			compatibilityVersion = "Xcode 3.2";
			developmentRegion = English;
			hasScannedForEncodings = 0;
			knownRegions = (
				en,
				Base,
			);
			mainGroup = 5F25A07F194B6FA000728B7C;
			productRefGroup = 5F25A089194B6FA000728B7C /* Products */;
			projectDirPath = "";
			projectRoot = "";
			targets = (
				5F25A087194B6FA000728B7C /* BFVideoExample */,
				5F25A0AB194B6FA000728B7C /* BFVideoExampleTests */,
			);
		};
/* End PBXProject section */

/* Begin PBXResourcesBuildPhase section */
		5F25A086194B6FA000728B7C /* Resources */ = {
			isa = PBXResourcesBuildPhase;
			buildActionMask = 2147483647;
			files = (
				5F25A0A2194B6FA000728B7C /* Main_iPad.storyboard in Resources */,
				5F25A0A7194B6FA000728B7C /* Images.xcassets in Resources */,
				5FC53E74194FF431000DAC7A /* placeholder.png in Resources */,
				5FC53E79194FF9DF000DAC7A /* VideoCell.xib in Resources */,
				5F25A09F194B6FA000728B7C /* Main_iPhone.storyboard in Resources */,
				5F25A096194B6FA000728B7C /* InfoPlist.strings in Resources */,
			);
			runOnlyForDeploymentPostprocessing = 0;
		};
		5F25A0AA194B6FA000728B7C /* Resources */ = {
			isa = PBXResourcesBuildPhase;
			buildActionMask = 2147483647;
			files = (
				5F25A0B8194B6FA000728B7C /* InfoPlist.strings in Resources */,
			);
			runOnlyForDeploymentPostprocessing = 0;
		};
/* End PBXResourcesBuildPhase section */

/* Begin PBXSourcesBuildPhase section */
		5F25A084194B6FA000728B7C /* Sources */ = {
			isa = PBXSourcesBuildPhase;
			buildActionMask = 2147483647;
			files = (
				5F25A0A5194B6FA000728B7C /* BFMViewController.m in Sources */,
				5F25A09C194B6FA000728B7C /* BFMAppDelegate.m in Sources */,
				5FC53E72194FE981000DAC7A /* BFMVideosViewController.m in Sources */,
				5F25A098194B6FA000728B7C /* main.m in Sources */,
				5FC53E77194FF636000DAC7A /* BFMVideoDetailController.m in Sources */,
				5FC53E7C194FFB8D000DAC7A /* BFMVideoCell.m in Sources */,
			);
			runOnlyForDeploymentPostprocessing = 0;
		};
		5F25A0A8194B6FA000728B7C /* Sources */ = {
			isa = PBXSourcesBuildPhase;
			buildActionMask = 2147483647;
			files = (
				5F25A0BA194B6FA000728B7C /* BFVideoExampleTests.m in Sources */,
			);
			runOnlyForDeploymentPostprocessing = 0;
		};
/* End PBXSourcesBuildPhase section */

/* Begin PBXTargetDependency section */
		5F25A0B2194B6FA000728B7C /* PBXTargetDependency */ = {
			isa = PBXTargetDependency;
			target = 5F25A087194B6FA000728B7C /* BFVideoExample */;
			targetProxy = 5F25A0B1194B6FA000728B7C /* PBXContainerItemProxy */;
		};
/* End PBXTargetDependency section */

/* Begin PBXVariantGroup section */
		5F25A094194B6FA000728B7C /* InfoPlist.strings */ = {
			isa = PBXVariantGroup;
			children = (
				5F25A095194B6FA000728B7C /* en */,
			);
			name = InfoPlist.strings;
			sourceTree = "<group>";
		};
		5F25A09D194B6FA000728B7C /* Main_iPhone.storyboard */ = {
			isa = PBXVariantGroup;
			children = (
				5F25A09E194B6FA000728B7C /* Base */,
			);
			name = Main_iPhone.storyboard;
			sourceTree = "<group>";
		};
		5F25A0A0194B6FA000728B7C /* Main_iPad.storyboard */ = {
			isa = PBXVariantGroup;
			children = (
				5F25A0A1194B6FA000728B7C /* Base */,
			);
			name = Main_iPad.storyboard;
			sourceTree = "<group>";
		};
		5F25A0B6194B6FA000728B7C /* InfoPlist.strings */ = {
			isa = PBXVariantGroup;
			children = (
				5F25A0B7194B6FA000728B7C /* en */,
			);
			name = InfoPlist.strings;
			sourceTree = "<group>";
		};
/* End PBXVariantGroup section */

/* Begin XCBuildConfiguration section */
		5F25A0BB194B6FA000728B7C /* Debug */ = {
			isa = XCBuildConfiguration;
			buildSettings = {
				ALWAYS_SEARCH_USER_PATHS = NO;
				CLANG_CXX_LANGUAGE_STANDARD = "gnu++0x";
				CLANG_CXX_LIBRARY = "libc++";
				CLANG_ENABLE_MODULES = YES;
				CLANG_ENABLE_OBJC_ARC = YES;
				CLANG_WARN_BOOL_CONVERSION = YES;
				CLANG_WARN_CONSTANT_CONVERSION = YES;
				CLANG_WARN_DIRECT_OBJC_ISA_USAGE = YES_ERROR;
				CLANG_WARN_EMPTY_BODY = YES;
				CLANG_WARN_ENUM_CONVERSION = YES;
				CLANG_WARN_INT_CONVERSION = YES;
				CLANG_WARN_OBJC_ROOT_CLASS = YES_ERROR;
				CLANG_WARN__DUPLICATE_METHOD_MATCH = YES;
				"CODE_SIGN_IDENTITY[sdk=iphoneos*]" = "iPhone Developer";
				COPY_PHASE_STRIP = NO;
				GCC_C_LANGUAGE_STANDARD = gnu99;
				GCC_DYNAMIC_NO_PIC = NO;
				GCC_OPTIMIZATION_LEVEL = 0;
				GCC_PREPROCESSOR_DEFINITIONS = (
					"DEBUG=1",
					"$(inherited)",
				);
				GCC_SYMBOLS_PRIVATE_EXTERN = NO;
				GCC_WARN_64_TO_32_BIT_CONVERSION = YES;
				GCC_WARN_ABOUT_RETURN_TYPE = YES_ERROR;
				GCC_WARN_UNDECLARED_SELECTOR = YES;
				GCC_WARN_UNINITIALIZED_AUTOS = YES_AGGRESSIVE;
				GCC_WARN_UNUSED_FUNCTION = YES;
				GCC_WARN_UNUSED_VARIABLE = YES;
				IPHONEOS_DEPLOYMENT_TARGET = 7.1;
				ONLY_ACTIVE_ARCH = YES;
				SDKROOT = iphoneos;
				TARGETED_DEVICE_FAMILY = "1,2";
			};
			name = Debug;
		};
		5F25A0BC194B6FA000728B7C /* Release */ = {
			isa = XCBuildConfiguration;
			buildSettings = {
				ALWAYS_SEARCH_USER_PATHS = NO;
				CLANG_CXX_LANGUAGE_STANDARD = "gnu++0x";
				CLANG_CXX_LIBRARY = "libc++";
				CLANG_ENABLE_MODULES = YES;
				CLANG_ENABLE_OBJC_ARC = YES;
				CLANG_WARN_BOOL_CONVERSION = YES;
				CLANG_WARN_CONSTANT_CONVERSION = YES;
				CLANG_WARN_DIRECT_OBJC_ISA_USAGE = YES_ERROR;
				CLANG_WARN_EMPTY_BODY = YES;
				CLANG_WARN_ENUM_CONVERSION = YES;
				CLANG_WARN_INT_CONVERSION = YES;
				CLANG_WARN_OBJC_ROOT_CLASS = YES_ERROR;
				CLANG_WARN__DUPLICATE_METHOD_MATCH = YES;
				"CODE_SIGN_IDENTITY[sdk=iphoneos*]" = "iPhone Developer";
				COPY_PHASE_STRIP = YES;
				ENABLE_NS_ASSERTIONS = NO;
				GCC_C_LANGUAGE_STANDARD = gnu99;
				GCC_WARN_64_TO_32_BIT_CONVERSION = YES;
				GCC_WARN_ABOUT_RETURN_TYPE = YES_ERROR;
				GCC_WARN_UNDECLARED_SELECTOR = YES;
				GCC_WARN_UNINITIALIZED_AUTOS = YES_AGGRESSIVE;
				GCC_WARN_UNUSED_FUNCTION = YES;
				GCC_WARN_UNUSED_VARIABLE = YES;
				IPHONEOS_DEPLOYMENT_TARGET = 7.1;
				SDKROOT = iphoneos;
				TARGETED_DEVICE_FAMILY = "1,2";
				VALIDATE_PRODUCT = YES;
			};
			name = Release;
		};
		5F25A0BE194B6FA000728B7C /* Debug */ = {
			isa = XCBuildConfiguration;
			buildSettings = {
				ARCHS = "$(ARCHS_STANDARD_32_BIT)";
				ASSETCATALOG_COMPILER_APPICON_NAME = AppIcon;
				ASSETCATALOG_COMPILER_LAUNCHIMAGE_NAME = LaunchImage;
				FRAMEWORK_SEARCH_PATHS = (
					"$(inherited)",
					"$(USER_LIBRARY_DIR)/Developer/Xcode/DerivedData/BFVideoSDK-dmqwaqorwsdcsihjnzegrxpclrbv/Build/Products/Debug-iphonesimulator",
					"$(PROJECT_DIR)",
					"$(USER_LIBRARY_DIR)/Developer/Xcode/DerivedData/BFVideoSDK-dmqwaqorwsdcsihjnzegrxpclrbv/Build/Intermediates/ArchiveIntermediates/BFVideoSDK/IntermediateBuildFilesPath/UninstalledProducts",
				);
				GCC_PRECOMPILE_PREFIX_HEADER = YES;
				GCC_PREFIX_HEADER = "BFVideoExample/BFVideoExample-Prefix.pch";
				INFOPLIST_FILE = "BFVideoExample/BFVideoExample-Info.plist";
				ONLY_ACTIVE_ARCH = YES;
				OTHER_LDFLAGS = "";
				PRODUCT_NAME = "$(TARGET_NAME)";
				VALID_ARCHS = "armv7 armv7s i386";
				WRAPPER_EXTENSION = app;
			};
			name = Debug;
		};
		5F25A0BF194B6FA000728B7C /* Release */ = {
			isa = XCBuildConfiguration;
			buildSettings = {
				ARCHS = "$(ARCHS_STANDARD_32_BIT)";
				ASSETCATALOG_COMPILER_APPICON_NAME = AppIcon;
				ASSETCATALOG_COMPILER_LAUNCHIMAGE_NAME = LaunchImage;
				FRAMEWORK_SEARCH_PATHS = (
					"$(inherited)",
					"$(USER_LIBRARY_DIR)/Developer/Xcode/DerivedData/BFVideoSDK-dmqwaqorwsdcsihjnzegrxpclrbv/Build/Products/Debug-iphonesimulator",
					"$(PROJECT_DIR)",
					"$(USER_LIBRARY_DIR)/Developer/Xcode/DerivedData/BFVideoSDK-dmqwaqorwsdcsihjnzegrxpclrbv/Build/Intermediates/ArchiveIntermediates/BFVideoSDK/IntermediateBuildFilesPath/UninstalledProducts",
				);
				GCC_PRECOMPILE_PREFIX_HEADER = YES;
				GCC_PREFIX_HEADER = "BFVideoExample/BFVideoExample-Prefix.pch";
				INFOPLIST_FILE = "BFVideoExample/BFVideoExample-Info.plist";
				OTHER_LDFLAGS = "";
				PRODUCT_NAME = "$(TARGET_NAME)";
				VALID_ARCHS = "armv7 armv7s i386";
				WRAPPER_EXTENSION = app;
			};
			name = Release;
		};
		5F25A0C1194B6FA000728B7C /* Debug */ = {
			isa = XCBuildConfiguration;
			buildSettings = {
				BUNDLE_LOADER = "$(BUILT_PRODUCTS_DIR)/BFVideoExample.app/BFVideoExample";
				FRAMEWORK_SEARCH_PATHS = (
					"$(SDKROOT)/Developer/Library/Frameworks",
					"$(inherited)",
					"$(DEVELOPER_FRAMEWORKS_DIR)",
				);
				GCC_PRECOMPILE_PREFIX_HEADER = YES;
				GCC_PREFIX_HEADER = "BFVideoExample/BFVideoExample-Prefix.pch";
				GCC_PREPROCESSOR_DEFINITIONS = (
					"DEBUG=1",
					"$(inherited)",
				);
				INFOPLIST_FILE = "BFVideoExampleTests/BFVideoExampleTests-Info.plist";
				PRODUCT_NAME = "$(TARGET_NAME)";
				TEST_HOST = "$(BUNDLE_LOADER)";
				WRAPPER_EXTENSION = xctest;
			};
			name = Debug;
		};
		5F25A0C2194B6FA000728B7C /* Release */ = {
			isa = XCBuildConfiguration;
			buildSettings = {
				BUNDLE_LOADER = "$(BUILT_PRODUCTS_DIR)/BFVideoExample.app/BFVideoExample";
				FRAMEWORK_SEARCH_PATHS = (
					"$(SDKROOT)/Developer/Library/Frameworks",
					"$(inherited)",
					"$(DEVELOPER_FRAMEWORKS_DIR)",
				);
				GCC_PRECOMPILE_PREFIX_HEADER = YES;
				GCC_PREFIX_HEADER = "BFVideoExample/BFVideoExample-Prefix.pch";
				INFOPLIST_FILE = "BFVideoExampleTests/BFVideoExampleTests-Info.plist";
				PRODUCT_NAME = "$(TARGET_NAME)";
				TEST_HOST = "$(BUNDLE_LOADER)";
				WRAPPER_EXTENSION = xctest;
			};
			name = Release;
		};
/* End XCBuildConfiguration section */

/* Begin XCConfigurationList section */
		5F25A083194B6FA000728B7C /* Build configuration list for PBXProject "BFVideoExample" */ = {
			isa = XCConfigurationList;
			buildConfigurations = (
				5F25A0BB194B6FA000728B7C /* Debug */,
				5F25A0BC194B6FA000728B7C /* Release */,
			);
			defaultConfigurationIsVisible = 0;
			defaultConfigurationName = Release;
		};
		5F25A0BD194B6FA000728B7C /* Build configuration list for PBXNativeTarget "BFVideoExample" */ = {
			isa = XCConfigurationList;
			buildConfigurations = (
				5F25A0BE194B6FA000728B7C /* Debug */,
				5F25A0BF194B6FA000728B7C /* Release */,
			);
			defaultConfigurationIsVisible = 0;
			defaultConfigurationName = Release;
		};
		5F25A0C0194B6FA000728B7C /* Build configuration list for PBXNativeTarget "BFVideoExampleTests" */ = {
			isa = XCConfigurationList;
			buildConfigurations = (
				5F25A0C1194B6FA000728B7C /* Debug */,
				5F25A0C2194B6FA000728B7C /* Release */,
			);
			defaultConfigurationIsVisible = 0;
			defaultConfigurationName = Release;
		};
/* End XCConfigurationList section */
	};
	rootObject = 5F25A080194B6FA000728B7C /* Project object */;
}
